
Microsoft Visual Studio Solution File, Format Version 12.00
# Visual Studio Version 17
VisualStudioVersion = 17.9.34728.123
MinimumVisualStudioVersion = 10.0.40219.1
Project("{9A19103F-16F7-4668-BE54-9A1E7A4F7556}") = "bookDemo", "bookDemo.csproj", "{20CB8AC0-5F77-4628-9A80-F7D730FD457C}"
EndProject
Global
	GlobalSection(SolutionConfigurationPlatforms) = preSolution
		Debug|Any CPU = Debug|Any CPU
		Release|Any CPU = Release|Any CPU
	EndGlobalSection
	GlobalSection(ProjectConfigurationPlatforms) = postSolution
		{20CB8AC0-5F77-4628-9A80-F7D730FD457C}.Debug|Any CPU.ActiveCfg = Debug|Any CPU
		{20CB8AC0-5F77-4628-9A80-F7D730FD457C}.Debug|Any CPU.Build.0 = Debug|Any CPU
		{20CB8AC0-5F77-4628-9A80-F7D730FD457C}.Release|Any CPU.ActiveCfg = Release|Any CPU
		{20CB8AC0-5F77-4628-9A80-F7D730FD457C}.Release|Any CPU.Build.0 = Release|Any CPU
	EndGlobalSection
	GlobalSection(SolutionProperties) = preSolution
		HideSolutionNode = FALSE
	EndGlobalSection
	GlobalSection(ExtensibilityGlobals) = postSolution
		SolutionGuid = {B0383E3A-49CC-4C9B-9F4D-E386C47C3078}
	EndGlobalSection
EndGlobal
